
Microsoft Visual Studio Solution File, Format Version 12.00
# Visual Studio 15
VisualStudioVersion = 15.0.28307.271
MinimumVisualStudioVersion = 10.0.40219.1
Project("{2150E333-8FDC-42A3-9474-1A3956D46DE8}") = "1 - Services", "1 - Services", "{D07CF3BE-40C2-4B53-8979-D862B5E854B1}"
EndProject
Project("{2150E333-8FDC-42A3-9474-1A3956D46DE8}") = "2 - Domain", "2 - Domain", "{F025EFB6-F00F-49C0-8646-E667AB478986}"
EndProject
Project("{2150E333-8FDC-42A3-9474-1A3956D46DE8}") = "3 - Infra", "3 - Infra", "{5D59D5E0-5AE4-4DAC-B8A0-A6332BFDCDE2}"
EndProject
Project("{2150E333-8FDC-42A3-9474-1A3956D46DE8}") = "3.1 - CrossCutting", "3.1 - CrossCutting", "{40B97015-A706-4054-A40C-72C48388A167}"
EndProject
Project("{2150E333-8FDC-42A3-9474-1A3956D46DE8}") = "3.2 - Data", "3.2 - Data", "{F20D26B1-C5DE-496C-8411-D0C7B84FA5B7}"
EndProject
Project("{FAE04EC0-301F-11D3-BF4B-00C04F79EFBC}") = "ESX.Teste.API", "src\ESX.Teste.API\ESX.Teste.API.csproj", "{5740EECE-824D-4FA2-8524-8C6FBFEBEE72}"
EndProject
Project("{E53339B2-1760-4266-BCC7-CA923CBCF16C}") = "docker-compose", "docker-compose.dcproj", "{BDA7A197-EED1-4DBA-8815-B3A94B7E5A3C}"
EndProject
Global
	GlobalSection(SolutionConfigurationPlatforms) = preSolution
		Debug|Any CPU = Debug|Any CPU
		Release|Any CPU = Release|Any CPU
	EndGlobalSection
	GlobalSection(ProjectConfigurationPlatforms) = postSolution
		{5740EECE-824D-4FA2-8524-8C6FBFEBEE72}.Debug|Any CPU.ActiveCfg = Debug|Any CPU
		{5740EECE-824D-4FA2-8524-8C6FBFEBEE72}.Debug|Any CPU.Build.0 = Debug|Any CPU
		{5740EECE-824D-4FA2-8524-8C6FBFEBEE72}.Release|Any CPU.ActiveCfg = Release|Any CPU
		{5740EECE-824D-4FA2-8524-8C6FBFEBEE72}.Release|Any CPU.Build.0 = Release|Any CPU
		{BDA7A197-EED1-4DBA-8815-B3A94B7E5A3C}.Debug|Any CPU.ActiveCfg = Debug|Any CPU
		{BDA7A197-EED1-4DBA-8815-B3A94B7E5A3C}.Debug|Any CPU.Build.0 = Debug|Any CPU
		{BDA7A197-EED1-4DBA-8815-B3A94B7E5A3C}.Release|Any CPU.ActiveCfg = Release|Any CPU
		{BDA7A197-EED1-4DBA-8815-B3A94B7E5A3C}.Release|Any CPU.Build.0 = Release|Any CPU
	EndGlobalSection
	GlobalSection(SolutionProperties) = preSolution
		HideSolutionNode = FALSE
	EndGlobalSection
	GlobalSection(NestedProjects) = preSolution
		{40B97015-A706-4054-A40C-72C48388A167} = {5D59D5E0-5AE4-4DAC-B8A0-A6332BFDCDE2}
		{F20D26B1-C5DE-496C-8411-D0C7B84FA5B7} = {5D59D5E0-5AE4-4DAC-B8A0-A6332BFDCDE2}
		{5740EECE-824D-4FA2-8524-8C6FBFEBEE72} = {D07CF3BE-40C2-4B53-8979-D862B5E854B1}
	EndGlobalSection
	GlobalSection(ExtensibilityGlobals) = postSolution
		SolutionGuid = {AFF4138C-382D-4DE0-9775-CE4975271F1E}
	EndGlobalSection
EndGlobal
